// !$*UTF8*$!
{
	archiveVersion = 1;
	classes = {
	};
	objectVersion = 46;
	objects = {

/* Begin PBXBuildFile section */
		18F44D0F1C15ADE00063EA9D /* AppDelegate.swift in Sources */ = {isa = PBXBuildFile; fileRef = 18F44D0E1C15ADE00063EA9D /* AppDelegate.swift */; };
		18F44D111C15ADE00063EA9D /* ViewController.swift in Sources */ = {isa = PBXBuildFile; fileRef = 18F44D101C15ADE00063EA9D /* ViewController.swift */; };
		18F44D141C15ADE00063EA9D /* Main.storyboard in Resources */ = {isa = PBXBuildFile; fileRef = 18F44D121C15ADE00063EA9D /* Main.storyboard */; };
		18F44D161C15ADE00063EA9D /* Assets.xcassets in Resources */ = {isa = PBXBuildFile; fileRef = 18F44D151C15ADE00063EA9D /* Assets.xcassets */; };
		18F44D191C15ADE00063EA9D /* LaunchScreen.storyboard in Resources */ = {isa = PBXBuildFile; fileRef = 18F44D171C15ADE00063EA9D /* LaunchScreen.storyboard */; };
/* End PBXBuildFile section */

/* Begin PBXFileReference section */
		18F44D0B1C15ADE00063EA9D /* SFSafariViewControllerDemo.app */ = {isa = PBXFileReference; explicitFileType = wrapper.application; includeInIndex = 0; path = SFSafariViewControllerDemo.app; sourceTree = BUILT_PRODUCTS_DIR; };
		18F44D0E1C15ADE00063EA9D /* AppDelegate.swift */ = {isa = PBXFileReference; lastKnownFileType = sourcecode.swift; path = AppDelegate.swift; sourceTree = "<group>"; };
		18F44D101C15ADE00063EA9D /* ViewController.swift */ = {isa = PBXFileReference; lastKnownFileType = sourcecode.swift; path = ViewController.swift; sourceTree = "<group>"; };
		18F44D131C15ADE00063EA9D /* Base */ = {isa = PBXFileReference; lastKnownFileType = file.storyboard; name = Base; path = Base.lproj/Main.storyboard; sourceTree = "<group>"; };
		18F44D151C15ADE00063EA9D /* Assets.xcassets */ = {isa = PBXFileReference; lastKnownFileType = folder.assetcatalog; path = Assets.xcassets; sourceTree = "<group>"; };
		18F44D181C15ADE00063EA9D /* Base */ = {isa = PBXFileReference; lastKnownFileType = file.storyboard; name = Base; path = Base.lproj/LaunchScreen.storyboard; sourceTree = "<group>"; };
		18F44D1A1C15ADE00063EA9D /* Info.plist */ = {isa = PBXFileReference; lastKnownFileType = text.plist.xml; path = Info.plist; sourceTree = "<group>"; };
/* End PBXFileReference section */

/* Begin PBXFrameworksBuildPhase section */
		18F44D081C15ADE00063EA9D /* Frameworks */ = {
			isa = PBXFrameworksBuildPhase;
			buildActionMask = 2147483647;
			files = (
			);
			runOnlyForDeploymentPostprocessing = 0;
		};
/* End PBXFrameworksBuildPhase section */

/* Begin PBXGroup section */
		18F44D021C15ADE00063EA9D = {
			isa = PBXGroup;
			children = (
				18F44D0D1C15ADE00063EA9D /* SFSafariViewControllerDemo */,
				18F44D0C1C15ADE00063EA9D /* Products */,
			);
			sourceTree = "<group>";
		};
		18F44D0C1C15ADE00063EA9D /* Products */ = {
			isa = PBXGroup;
			children = (
				18F44D0B1C15ADE00063EA9D /* SFSafariViewControllerDemo.app */,
			);
			name = Products;
			sourceTree = "<group>";
		};
		18F44D0D1C15ADE00063EA9D /* SFSafariViewControllerDemo */ = {
			isa = PBXGroup;
			children = (
				18F44D0E1C15ADE00063EA9D /* AppDelegate.swift */,
				18F44D101C15ADE00063EA9D /* ViewController.swift */,
				18F44D121C15ADE00063EA9D /* Main.storyboard */,
				18F44D171C15ADE00063EA9D /* LaunchScreen.storyboard */,
				18F44D151C15ADE00063EA9D /* Assets.xcassets */,
				18F44D1A1C15ADE00063EA9D /* Info.plist */,
			);
			path = SFSafariViewControllerDemo;
			sourceTree = "<group>";
		};
/* End PBXGroup section */

/* Begin PBXNativeTarget section */
		18F44D0A1C15ADE00063EA9D /* SFSafariViewControllerDemo */ = {
			isa = PBXNativeTarget;
			buildConfigurationList = 18F44D1D1C15ADE00063EA9D /* Build configuration list for PBXNativeTarget "SFSafariViewControllerDemo" */;
			buildPhases = (
				18F44D071C15ADE00063EA9D /* Sources */,
				18F44D081C15ADE00063EA9D /* Frameworks */,
				18F44D091C15ADE00063EA9D /* Resources */,
			);
			buildRules = (
			);
			dependencies = (
			);
			name = SFSafariViewControllerDemo;
			productName = SFSafariViewControllerDemo;
			productReference = 18F44D0B1C15ADE00063EA9D /* SFSafariViewControllerDemo.app */;
			productType = "com.apple.product-type.application";
		};
/* End PBXNativeTarget section */

/* Begin PBXProject section */
		18F44D031C15ADE00063EA9D /* Project object */ = {
			isa = PBXProject;
			attributes = {
				LastSwiftUpdateCheck = 0710;
				LastUpgradeCheck = 0710;
				ORGANIZATIONNAME = "从今以后";
				TargetAttributes = {
					18F44D0A1C15ADE00063EA9D = {
						CreatedOnToolsVersion = 7.1.1;
						DevelopmentTeam = 39XM8MX49W;
					};
				};
			};
			buildConfigurationList = 18F44D061C15ADE00063EA9D /* Build configuration list for PBXProject "SFSafariViewControllerDemo" */;
			compatibilityVersion = "Xcode 3.2";
			developmentRegion = English;
			hasScannedForEncodings = 0;
			knownRegions = (
				en,
				Base,
			);
			mainGroup = 18F44D021C15ADE00063EA9D;
			productRefGroup = 18F44D0C1C15ADE00063EA9D /* Products */;
			projectDirPath = "";
			projectRoot = "";
			targets = (
				18F44D0A1C15ADE00063EA9D /* SFSafariViewControllerDemo */,
			);
		};
/* End PBXProject section */

/* Begin PBXResourcesBuildPhase section */
		18F44D091C15ADE00063EA9D /* Resources */ = {
			isa = PBXResourcesBuildPhase;
			buildActionMask = 2147483647;
			files = (
				18F44D191C15ADE00063EA9D /* LaunchScreen.storyboard in Resources */,
				18F44D161C15ADE00063EA9D /* Assets.xcassets in Resources */,
				18F44D141C15ADE00063EA9D /* Main.storyboard in Resources */,
			);
			runOnlyForDeploymentPostprocessing = 0;
		};
/* End PBXResourcesBuildPhase section */

/* Begin PBXSourcesBuildPhase section */
		18F44D071C15ADE00063EA9D /* Sources */ = {
			isa = PBXSourcesBuildPhase;
			buildActionMask = 2147483647;
			files = (
				18F44D111C15ADE00063EA9D /* ViewController.swift in Sources */,
				18F44D0F1C15ADE00063EA9D /* AppDelegate.swift in Sources */,
			);
			runOnlyForDeploymentPostprocessing = 0;
		};
/* End PBXSourcesBuildPhase section */

/* Begin PBXVariantGroup section */
		18F44D121C15ADE00063EA9D /* Main.storyboard */ = {
			isa = PBXVariantGroup;
			children = (
				18F44D131C15ADE00063EA9D /* Base */,
			);
			name = Main.storyboard;
			sourceTree = "<group>";
		};
		18F44D171C15ADE00063EA9D /* LaunchScreen.storyboard */ = {
			isa = PBXVariantGroup;
			children = (
				18F44D181C15ADE00063EA9D /* Base */,
			);
			name = LaunchScreen.storyboard;
			sourceTree = "<group>";
		};
/* End PBXVariantGroup section */

/* Begin XCBuildConfiguration section */
		18F44D1B1C15ADE00063EA9D /* Debug */ = {
			isa = XCBuildConfiguration;
			buildSettings = {
				ALWAYS_SEARCH_USER_PATHS = NO;
				CLANG_CXX_LANGUAGE_STANDARD = "gnu++0x";
				CLANG_CXX_LIBRARY = "libc++";
				CLANG_ENABLE_MODULES = YES;
				CLANG_ENABLE_OBJC_ARC = YES;
				CLANG_WARN_BOOL_CONVERSION = YES;
				CLANG_WARN_CONSTANT_CONVERSION = YES;
				CLANG_WARN_DIRECT_OBJC_ISA_USAGE = YES_ERROR;
				CLANG_WARN_EMPTY_BODY = YES;
				CLANG_WARN_ENUM_CONVERSION = YES;
				CLANG_WARN_INT_CONVERSION = YES;
				CLANG_WARN_OBJC_ROOT_CLASS = YES_ERROR;
				CLANG_WARN_UNREACHABLE_CODE = YES;
				CLANG_WARN__DUPLICATE_METHOD_MATCH = YES;
				"CODE_SIGN_IDENTITY[sdk=iphoneos*]" = "iPhone Developer";
				COPY_PHASE_STRIP = NO;
				DEBUG_INFORMATION_FORMAT = dwarf;
				ENABLE_STRICT_OBJC_MSGSEND = YES;
				ENABLE_TESTABILITY = YES;
				GCC_C_LANGUAGE_STANDARD = gnu99;
				GCC_DYNAMIC_NO_PIC = NO;
				GCC_NO_COMMON_BLOCKS = YES;
				GCC_OPTIMIZATION_LEVEL = 0;
				GCC_PREPROCESSOR_DEFINITIONS = (
					"DEBUG=1",
					"$(inherited)",
				);
				GCC_WARN_64_TO_32_BIT_CONVERSION = YES;
				GCC_WARN_ABOUT_RETURN_TYPE = YES_ERROR;
				GCC_WARN_UNDECLARED_SELECTOR = YES;
				GCC_WARN_UNINITIALIZED_AUTOS = YES_AGGRESSIVE;
				GCC_WARN_UNUSED_FUNCTION = YES;
				GCC_WARN_UNUSED_VARIABLE = YES;
				IPHONEOS_DEPLOYMENT_TARGET = 9.0;
				MTL_ENABLE_DEBUG_INFO = YES;
				ONLY_ACTIVE_ARCH = YES;
				SDKROOT = iphoneos;
				SWIFT_OPTIMIZATION_LEVEL = "-Onone";
				TARGETED_DEVICE_FAMILY = "1,2";
			};
			name = Debug;
		};
		18F44D1C1C15ADE00063EA9D /* Release */ = {
			isa = XCBuildConfiguration;
			buildSettings = {
				ALWAYS_SEARCH_USER_PATHS = NO;
				CLANG_CXX_LANGUAGE_STANDARD = "gnu++0x";
				CLANG_CXX_LIBRARY = "libc++";
				CLANG_ENABLE_MODULES = YES;
				CLANG_ENABLE_OBJC_ARC = YES;
				CLANG_WARN_BOOL_CONVERSION = YES;
				CLANG_WARN_CONSTANT_CONVERSION = YES;
				CLANG_WARN_DIRECT_OBJC_ISA_USAGE = YES_ERROR;
				CLANG_WARN_EMPTY_BODY = YES;
				CLANG_WARN_ENUM_CONVERSION = YES;
				CLANG_WARN_INT_CONVERSION = YES;
				CLANG_WARN_OBJC_ROOT_CLASS = YES_ERROR;
				CLANG_WARN_UNREACHABLE_CODE = YES;
				CLANG_WARN__DUPLICATE_METHOD_MATCH = YES;
				"CODE_SIGN_IDENTITY[sdk=iphoneos*]" = "iPhone Developer";
				COPY_PHASE_STRIP = NO;
				DEBUG_INFORMATION_FORMAT = "dwarf-with-dsym";
				ENABLE_NS_ASSERTIONS = NO;
				ENABLE_STRICT_OBJC_MSGSEND = YES;
				GCC_C_LANGUAGE_STANDARD = gnu99;
				GCC_NO_COMMON_BLOCKS = YES;
				GCC_WARN_64_TO_32_BIT_CONVERSION = YES;
				GCC_WARN_ABOUT_RETURN_TYPE = YES_ERROR;
				GCC_WARN_UNDECLARED_SELECTOR = YES;
				GCC_WARN_UNINITIALIZED_AUTOS = YES_AGGRESSIVE;
				GCC_WARN_UNUSED_FUNCTION = YES;
				GCC_WARN_UNUSED_VARIABLE = YES;
				IPHONEOS_DEPLOYMENT_TARGET = 9.0;
				MTL_ENABLE_DEBUG_INFO = NO;
				SDKROOT = iphoneos;
				TARGETED_DEVICE_FAMILY = "1,2";
				VALIDATE_PRODUCT = YES;
			};
			name = Release;
		};
		18F44D1E1C15ADE00063EA9D /* Debug */ = {
			isa = XCBuildConfiguration;
			buildSettings = {
				ASSETCATALOG_COMPILER_APPICON_NAME = AppIcon;
				INFOPLIST_FILE = SFSafariViewControllerDemo/Info.plist;
				LD_RUNPATH_SEARCH_PATHS = "$(inherited) @executable_path/Frameworks";
				PRODUCT_BUNDLE_IDENTIFIER = com.cjyh.SFSafariViewControllerDemo;
				PRODUCT_NAME = "$(TARGET_NAME)";
			};
			name = Debug;
		};
		18F44D1F1C15ADE00063EA9D /* Release */ = {
			isa = XCBuildConfiguration;
			buildSettings = {
				ASSETCATALOG_COMPILER_APPICON_NAME = AppIcon;
				INFOPLIST_FILE = SFSafariViewControllerDemo/Info.plist;
				LD_RUNPATH_SEARCH_PATHS = "$(inherited) @executable_path/Frameworks";
				PRODUCT_BUNDLE_IDENTIFIER = com.cjyh.SFSafariViewControllerDemo;
				PRODUCT_NAME = "$(TARGET_NAME)";
			};
			name = Release;
		};
/* End XCBuildConfiguration section */

/* Begin XCConfigurationList section */
		18F44D061C15ADE00063EA9D /* Build configuration list for PBXProject "SFSafariViewControllerDemo" */ = {
			isa = XCConfigurationList;
			buildConfigurations = (
				18F44D1B1C15ADE00063EA9D /* Debug */,
				18F44D1C1C15ADE00063EA9D /* Release */,
			);
			defaultConfigurationIsVisible = 0;
			defaultConfigurationName = Release;
		};
		18F44D1D1C15ADE00063EA9D /* Build configuration list for PBXNativeTarget "SFSafariViewControllerDemo" */ = {
			isa = XCConfigurationList;
			buildConfigurations = (
				18F44D1E1C15ADE00063EA9D /* Debug */,
				18F44D1F1C15ADE00063EA9D /* Release */,
			);
			defaultConfigurationIsVisible = 0;
		};
/* End XCConfigurationList section */
	};
	rootObject = 18F44D031C15ADE00063EA9D /* Project object */;
}
