// !$*UTF8*$!
{
	archiveVersion = 1;
	classes = {
	};
	objectVersion = 46;
	objects = {

/* Begin PBXBuildFile section */
		182B79C91B6C6E6C009336FD /* main.m in Sources */ = {isa = PBXBuildFile; fileRef = 182B79C81B6C6E6C009336FD /* main.m */; };
		182B79CC1B6C6E6C009336FD /* AppDelegate.m in Sources */ = {isa = PBXBuildFile; fileRef = 182B79CB1B6C6E6C009336FD /* AppDelegate.m */; };
		182B79CF1B6C6E6C009336FD /* ViewController.m in Sources */ = {isa = PBXBuildFile; fileRef = 182B79CE1B6C6E6C009336FD /* ViewController.m */; };
		182B79D21B6C6E6C009336FD /* Main.storyboard in Resources */ = {isa = PBXBuildFile; fileRef = 182B79D01B6C6E6C009336FD /* Main.storyboard */; };
		182B79D41B6C6E6C009336FD /* Images.xcassets in Resources */ = {isa = PBXBuildFile; fileRef = 182B79D31B6C6E6C009336FD /* Images.xcassets */; };
		182B79D71B6C6E6C009336FD /* LaunchScreen.xib in Resources */ = {isa = PBXBuildFile; fileRef = 182B79D51B6C6E6C009336FD /* LaunchScreen.xib */; };
		182B79E31B6C6E6C009336FD /* FlickrSearchTests.m in Sources */ = {isa = PBXBuildFile; fileRef = 182B79E21B6C6E6C009336FD /* FlickrSearchTests.m */; };
/* End PBXBuildFile section */

/* Begin PBXContainerItemProxy section */
		182B79DD1B6C6E6C009336FD /* PBXContainerItemProxy */ = {
			isa = PBXContainerItemProxy;
			containerPortal = 182B79BB1B6C6E6B009336FD /* Project object */;
			proxyType = 1;
			remoteGlobalIDString = 182B79C21B6C6E6C009336FD;
			remoteInfo = FlickrSearch;
		};
/* End PBXContainerItemProxy section */

/* Begin PBXFileReference section */
		182B79C31B6C6E6C009336FD /* FlickrSearch.app */ = {isa = PBXFileReference; explicitFileType = wrapper.application; includeInIndex = 0; path = FlickrSearch.app; sourceTree = BUILT_PRODUCTS_DIR; };
		182B79C71B6C6E6C009336FD /* Info.plist */ = {isa = PBXFileReference; lastKnownFileType = text.plist.xml; path = Info.plist; sourceTree = "<group>"; };
		182B79C81B6C6E6C009336FD /* main.m */ = {isa = PBXFileReference; lastKnownFileType = sourcecode.c.objc; path = main.m; sourceTree = "<group>"; };
		182B79CA1B6C6E6C009336FD /* AppDelegate.h */ = {isa = PBXFileReference; lastKnownFileType = sourcecode.c.h; path = AppDelegate.h; sourceTree = "<group>"; };
		182B79CB1B6C6E6C009336FD /* AppDelegate.m */ = {isa = PBXFileReference; lastKnownFileType = sourcecode.c.objc; path = AppDelegate.m; sourceTree = "<group>"; };
		182B79CD1B6C6E6C009336FD /* ViewController.h */ = {isa = PBXFileReference; lastKnownFileType = sourcecode.c.h; path = ViewController.h; sourceTree = "<group>"; };
		182B79CE1B6C6E6C009336FD /* ViewController.m */ = {isa = PBXFileReference; lastKnownFileType = sourcecode.c.objc; path = ViewController.m; sourceTree = "<group>"; };
		182B79D11B6C6E6C009336FD /* Base */ = {isa = PBXFileReference; lastKnownFileType = file.storyboard; name = Base; path = Base.lproj/Main.storyboard; sourceTree = "<group>"; };
		182B79D31B6C6E6C009336FD /* Images.xcassets */ = {isa = PBXFileReference; lastKnownFileType = folder.assetcatalog; path = Images.xcassets; sourceTree = "<group>"; };
		182B79D61B6C6E6C009336FD /* Base */ = {isa = PBXFileReference; lastKnownFileType = file.xib; name = Base; path = Base.lproj/LaunchScreen.xib; sourceTree = "<group>"; };
		182B79DC1B6C6E6C009336FD /* FlickrSearchTests.xctest */ = {isa = PBXFileReference; explicitFileType = wrapper.cfbundle; includeInIndex = 0; path = FlickrSearchTests.xctest; sourceTree = BUILT_PRODUCTS_DIR; };
		182B79E11B6C6E6C009336FD /* Info.plist */ = {isa = PBXFileReference; lastKnownFileType = text.plist.xml; path = Info.plist; sourceTree = "<group>"; };
		182B79E21B6C6E6C009336FD /* FlickrSearchTests.m */ = {isa = PBXFileReference; lastKnownFileType = sourcecode.c.objc; path = FlickrSearchTests.m; sourceTree = "<group>"; };
/* End PBXFileReference section */

/* Begin PBXFrameworksBuildPhase section */
		182B79C01B6C6E6C009336FD /* Frameworks */ = {
			isa = PBXFrameworksBuildPhase;
			buildActionMask = 2147483647;
			files = (
			);
			runOnlyForDeploymentPostprocessing = 0;
		};
		182B79D91B6C6E6C009336FD /* Frameworks */ = {
			isa = PBXFrameworksBuildPhase;
			buildActionMask = 2147483647;
			files = (
			);
			runOnlyForDeploymentPostprocessing = 0;
		};
/* End PBXFrameworksBuildPhase section */

/* Begin PBXGroup section */
		182B79BA1B6C6E6B009336FD = {
			isa = PBXGroup;
			children = (
				182B79C51B6C6E6C009336FD /* FlickrSearch */,
				182B79DF1B6C6E6C009336FD /* FlickrSearchTests */,
				182B79C41B6C6E6C009336FD /* Products */,
			);
			sourceTree = "<group>";
		};
		182B79C41B6C6E6C009336FD /* Products */ = {
			isa = PBXGroup;
			children = (
				182B79C31B6C6E6C009336FD /* FlickrSearch.app */,
				182B79DC1B6C6E6C009336FD /* FlickrSearchTests.xctest */,
			);
			name = Products;
			sourceTree = "<group>";
		};
		182B79C51B6C6E6C009336FD /* FlickrSearch */ = {
			isa = PBXGroup;
			children = (
				182B79CA1B6C6E6C009336FD /* AppDelegate.h */,
				182B79CB1B6C6E6C009336FD /* AppDelegate.m */,
				182B79CD1B6C6E6C009336FD /* ViewController.h */,
				182B79CE1B6C6E6C009336FD /* ViewController.m */,
				182B79D01B6C6E6C009336FD /* Main.storyboard */,
				182B79D31B6C6E6C009336FD /* Images.xcassets */,
				182B79D51B6C6E6C009336FD /* LaunchScreen.xib */,
				182B79C61B6C6E6C009336FD /* Supporting Files */,
			);
			path = FlickrSearch;
			sourceTree = "<group>";
		};
		182B79C61B6C6E6C009336FD /* Supporting Files */ = {
			isa = PBXGroup;
			children = (
				182B79C71B6C6E6C009336FD /* Info.plist */,
				182B79C81B6C6E6C009336FD /* main.m */,
			);
			name = "Supporting Files";
			sourceTree = "<group>";
		};
		182B79DF1B6C6E6C009336FD /* FlickrSearchTests */ = {
			isa = PBXGroup;
			children = (
				182B79E21B6C6E6C009336FD /* FlickrSearchTests.m */,
				182B79E01B6C6E6C009336FD /* Supporting Files */,
			);
			path = FlickrSearchTests;
			sourceTree = "<group>";
		};
		182B79E01B6C6E6C009336FD /* Supporting Files */ = {
			isa = PBXGroup;
			children = (
				182B79E11B6C6E6C009336FD /* Info.plist */,
			);
			name = "Supporting Files";
			sourceTree = "<group>";
		};
/* End PBXGroup section */

/* Begin PBXNativeTarget section */
		182B79C21B6C6E6C009336FD /* FlickrSearch */ = {
			isa = PBXNativeTarget;
			buildConfigurationList = 182B79E61B6C6E6C009336FD /* Build configuration list for PBXNativeTarget "FlickrSearch" */;
			buildPhases = (
				182B79BF1B6C6E6C009336FD /* Sources */,
				182B79C01B6C6E6C009336FD /* Frameworks */,
				182B79C11B6C6E6C009336FD /* Resources */,
			);
			buildRules = (
			);
			dependencies = (
			);
			name = FlickrSearch;
			productName = FlickrSearch;
			productReference = 182B79C31B6C6E6C009336FD /* FlickrSearch.app */;
			productType = "com.apple.product-type.application";
		};
		182B79DB1B6C6E6C009336FD /* FlickrSearchTests */ = {
			isa = PBXNativeTarget;
			buildConfigurationList = 182B79E91B6C6E6C009336FD /* Build configuration list for PBXNativeTarget "FlickrSearchTests" */;
			buildPhases = (
				182B79D81B6C6E6C009336FD /* Sources */,
				182B79D91B6C6E6C009336FD /* Frameworks */,
				182B79DA1B6C6E6C009336FD /* Resources */,
			);
			buildRules = (
			);
			dependencies = (
				182B79DE1B6C6E6C009336FD /* PBXTargetDependency */,
			);
			name = FlickrSearchTests;
			productName = FlickrSearchTests;
			productReference = 182B79DC1B6C6E6C009336FD /* FlickrSearchTests.xctest */;
			productType = "com.apple.product-type.bundle.unit-test";
		};
/* End PBXNativeTarget section */

/* Begin PBXProject section */
		182B79BB1B6C6E6B009336FD /* Project object */ = {
			isa = PBXProject;
			attributes = {
				LastUpgradeCheck = 0630;
				ORGANIZATIONNAME = "从今以后";
				TargetAttributes = {
					182B79C21B6C6E6C009336FD = {
						CreatedOnToolsVersion = 6.3.1;
					};
					182B79DB1B6C6E6C009336FD = {
						CreatedOnToolsVersion = 6.3.1;
						TestTargetID = 182B79C21B6C6E6C009336FD;
					};
				};
			};
			buildConfigurationList = 182B79BE1B6C6E6B009336FD /* Build configuration list for PBXProject "FlickrSearch" */;
			compatibilityVersion = "Xcode 3.2";
			developmentRegion = English;
			hasScannedForEncodings = 0;
			knownRegions = (
				en,
				Base,
			);
			mainGroup = 182B79BA1B6C6E6B009336FD;
			productRefGroup = 182B79C41B6C6E6C009336FD /* Products */;
			projectDirPath = "";
			projectRoot = "";
			targets = (
				182B79C21B6C6E6C009336FD /* FlickrSearch */,
				182B79DB1B6C6E6C009336FD /* FlickrSearchTests */,
			);
		};
/* End PBXProject section */

/* Begin PBXResourcesBuildPhase section */
		182B79C11B6C6E6C009336FD /* Resources */ = {
			isa = PBXResourcesBuildPhase;
			buildActionMask = 2147483647;
			files = (
				182B79D21B6C6E6C009336FD /* Main.storyboard in Resources */,
				182B79D71B6C6E6C009336FD /* LaunchScreen.xib in Resources */,
				182B79D41B6C6E6C009336FD /* Images.xcassets in Resources */,
			);
			runOnlyForDeploymentPostprocessing = 0;
		};
		182B79DA1B6C6E6C009336FD /* Resources */ = {
			isa = PBXResourcesBuildPhase;
			buildActionMask = 2147483647;
			files = (
			);
			runOnlyForDeploymentPostprocessing = 0;
		};
/* End PBXResourcesBuildPhase section */

/* Begin PBXSourcesBuildPhase section */
		182B79BF1B6C6E6C009336FD /* Sources */ = {
			isa = PBXSourcesBuildPhase;
			buildActionMask = 2147483647;
			files = (
				182B79CF1B6C6E6C009336FD /* ViewController.m in Sources */,
				182B79CC1B6C6E6C009336FD /* AppDelegate.m in Sources */,
				182B79C91B6C6E6C009336FD /* main.m in Sources */,
			);
			runOnlyForDeploymentPostprocessing = 0;
		};
		182B79D81B6C6E6C009336FD /* Sources */ = {
			isa = PBXSourcesBuildPhase;
			buildActionMask = 2147483647;
			files = (
				182B79E31B6C6E6C009336FD /* FlickrSearchTests.m in Sources */,
			);
			runOnlyForDeploymentPostprocessing = 0;
		};
/* End PBXSourcesBuildPhase section */

/* Begin PBXTargetDependency section */
		182B79DE1B6C6E6C009336FD /* PBXTargetDependency */ = {
			isa = PBXTargetDependency;
			target = 182B79C21B6C6E6C009336FD /* FlickrSearch */;
			targetProxy = 182B79DD1B6C6E6C009336FD /* PBXContainerItemProxy */;
		};
/* End PBXTargetDependency section */

/* Begin PBXVariantGroup section */
		182B79D01B6C6E6C009336FD /* Main.storyboard */ = {
			isa = PBXVariantGroup;
			children = (
				182B79D11B6C6E6C009336FD /* Base */,
			);
			name = Main.storyboard;
			sourceTree = "<group>";
		};
		182B79D51B6C6E6C009336FD /* LaunchScreen.xib */ = {
			isa = PBXVariantGroup;
			children = (
				182B79D61B6C6E6C009336FD /* Base */,
			);
			name = LaunchScreen.xib;
			sourceTree = "<group>";
		};
/* End PBXVariantGroup section */

/* Begin XCBuildConfiguration section */
		182B79E41B6C6E6C009336FD /* Debug */ = {
			isa = XCBuildConfiguration;
			buildSettings = {
				ALWAYS_SEARCH_USER_PATHS = NO;
				CLANG_CXX_LANGUAGE_STANDARD = "gnu++0x";
				CLANG_CXX_LIBRARY = "libc++";
				CLANG_ENABLE_MODULES = YES;
				CLANG_ENABLE_OBJC_ARC = YES;
				CLANG_WARN_BOOL_CONVERSION = YES;
				CLANG_WARN_CONSTANT_CONVERSION = YES;
				CLANG_WARN_DIRECT_OBJC_ISA_USAGE = YES_ERROR;
				CLANG_WARN_EMPTY_BODY = YES;
				CLANG_WARN_ENUM_CONVERSION = YES;
				CLANG_WARN_INT_CONVERSION = YES;
				CLANG_WARN_OBJC_ROOT_CLASS = YES_ERROR;
				CLANG_WARN_UNREACHABLE_CODE = YES;
				CLANG_WARN__DUPLICATE_METHOD_MATCH = YES;
				"CODE_SIGN_IDENTITY[sdk=iphoneos*]" = "iPhone Developer";
				COPY_PHASE_STRIP = NO;
				DEBUG_INFORMATION_FORMAT = "dwarf-with-dsym";
				ENABLE_STRICT_OBJC_MSGSEND = YES;
				GCC_C_LANGUAGE_STANDARD = gnu99;
				GCC_DYNAMIC_NO_PIC = NO;
				GCC_NO_COMMON_BLOCKS = YES;
				GCC_OPTIMIZATION_LEVEL = 0;
				GCC_PREPROCESSOR_DEFINITIONS = (
					"DEBUG=1",
					"$(inherited)",
				);
				GCC_SYMBOLS_PRIVATE_EXTERN = NO;
				GCC_WARN_64_TO_32_BIT_CONVERSION = YES;
				GCC_WARN_ABOUT_RETURN_TYPE = YES_ERROR;
				GCC_WARN_UNDECLARED_SELECTOR = YES;
				GCC_WARN_UNINITIALIZED_AUTOS = YES_AGGRESSIVE;
				GCC_WARN_UNUSED_FUNCTION = YES;
				GCC_WARN_UNUSED_VARIABLE = YES;
				IPHONEOS_DEPLOYMENT_TARGET = 8.3;
				MTL_ENABLE_DEBUG_INFO = YES;
				ONLY_ACTIVE_ARCH = YES;
				SDKROOT = iphoneos;
				TARGETED_DEVICE_FAMILY = 2;
			};
			name = Debug;
		};
		182B79E51B6C6E6C009336FD /* Release */ = {
			isa = XCBuildConfiguration;
			buildSettings = {
				ALWAYS_SEARCH_USER_PATHS = NO;
				CLANG_CXX_LANGUAGE_STANDARD = "gnu++0x";
				CLANG_CXX_LIBRARY = "libc++";
				CLANG_ENABLE_MODULES = YES;
				CLANG_ENABLE_OBJC_ARC = YES;
				CLANG_WARN_BOOL_CONVERSION = YES;
				CLANG_WARN_CONSTANT_CONVERSION = YES;
				CLANG_WARN_DIRECT_OBJC_ISA_USAGE = YES_ERROR;
				CLANG_WARN_EMPTY_BODY = YES;
				CLANG_WARN_ENUM_CONVERSION = YES;
				CLANG_WARN_INT_CONVERSION = YES;
				CLANG_WARN_OBJC_ROOT_CLASS = YES_ERROR;
				CLANG_WARN_UNREACHABLE_CODE = YES;
				CLANG_WARN__DUPLICATE_METHOD_MATCH = YES;
				"CODE_SIGN_IDENTITY[sdk=iphoneos*]" = "iPhone Developer";
				COPY_PHASE_STRIP = NO;
				DEBUG_INFORMATION_FORMAT = "dwarf-with-dsym";
				ENABLE_NS_ASSERTIONS = NO;
				ENABLE_STRICT_OBJC_MSGSEND = YES;
				GCC_C_LANGUAGE_STANDARD = gnu99;
				GCC_NO_COMMON_BLOCKS = YES;
				GCC_WARN_64_TO_32_BIT_CONVERSION = YES;
				GCC_WARN_ABOUT_RETURN_TYPE = YES_ERROR;
				GCC_WARN_UNDECLARED_SELECTOR = YES;
				GCC_WARN_UNINITIALIZED_AUTOS = YES_AGGRESSIVE;
				GCC_WARN_UNUSED_FUNCTION = YES;
				GCC_WARN_UNUSED_VARIABLE = YES;
				IPHONEOS_DEPLOYMENT_TARGET = 8.3;
				MTL_ENABLE_DEBUG_INFO = NO;
				SDKROOT = iphoneos;
				TARGETED_DEVICE_FAMILY = 2;
				VALIDATE_PRODUCT = YES;
			};
			name = Release;
		};
		182B79E71B6C6E6C009336FD /* Debug */ = {
			isa = XCBuildConfiguration;
			buildSettings = {
				ASSETCATALOG_COMPILER_APPICON_NAME = AppIcon;
				INFOPLIST_FILE = FlickrSearch/Info.plist;
				LD_RUNPATH_SEARCH_PATHS = "$(inherited) @executable_path/Frameworks";
				PRODUCT_NAME = "$(TARGET_NAME)";
			};
			name = Debug;
		};
		182B79E81B6C6E6C009336FD /* Release */ = {
			isa = XCBuildConfiguration;
			buildSettings = {
				ASSETCATALOG_COMPILER_APPICON_NAME = AppIcon;
				INFOPLIST_FILE = FlickrSearch/Info.plist;
				LD_RUNPATH_SEARCH_PATHS = "$(inherited) @executable_path/Frameworks";
				PRODUCT_NAME = "$(TARGET_NAME)";
			};
			name = Release;
		};
		182B79EA1B6C6E6C009336FD /* Debug */ = {
			isa = XCBuildConfiguration;
			buildSettings = {
				BUNDLE_LOADER = "$(TEST_HOST)";
				FRAMEWORK_SEARCH_PATHS = (
					"$(SDKROOT)/Developer/Library/Frameworks",
					"$(inherited)",
				);
				GCC_PREPROCESSOR_DEFINITIONS = (
					"DEBUG=1",
					"$(inherited)",
				);
				INFOPLIST_FILE = FlickrSearchTests/Info.plist;
				LD_RUNPATH_SEARCH_PATHS = "$(inherited) @executable_path/Frameworks @loader_path/Frameworks";
				PRODUCT_NAME = "$(TARGET_NAME)";
				TEST_HOST = "$(BUILT_PRODUCTS_DIR)/FlickrSearch.app/FlickrSearch";
			};
			name = Debug;
		};
		182B79EB1B6C6E6C009336FD /* Release */ = {
			isa = XCBuildConfiguration;
			buildSettings = {
				BUNDLE_LOADER = "$(TEST_HOST)";
				FRAMEWORK_SEARCH_PATHS = (
					"$(SDKROOT)/Developer/Library/Frameworks",
					"$(inherited)",
				);
				INFOPLIST_FILE = FlickrSearchTests/Info.plist;
				LD_RUNPATH_SEARCH_PATHS = "$(inherited) @executable_path/Frameworks @loader_path/Frameworks";
				PRODUCT_NAME = "$(TARGET_NAME)";
				TEST_HOST = "$(BUILT_PRODUCTS_DIR)/FlickrSearch.app/FlickrSearch";
			};
			name = Release;
		};
/* End XCBuildConfiguration section */

/* Begin XCConfigurationList section */
		182B79BE1B6C6E6B009336FD /* Build configuration list for PBXProject "FlickrSearch" */ = {
			isa = XCConfigurationList;
			buildConfigurations = (
				182B79E41B6C6E6C009336FD /* Debug */,
				182B79E51B6C6E6C009336FD /* Release */,
			);
			defaultConfigurationIsVisible = 0;
			defaultConfigurationName = Release;
		};
		182B79E61B6C6E6C009336FD /* Build configuration list for PBXNativeTarget "FlickrSearch" */ = {
			isa = XCConfigurationList;
			buildConfigurations = (
				182B79E71B6C6E6C009336FD /* Debug */,
				182B79E81B6C6E6C009336FD /* Release */,
			);
			defaultConfigurationIsVisible = 0;
		};
		182B79E91B6C6E6C009336FD /* Build configuration list for PBXNativeTarget "FlickrSearchTests" */ = {
			isa = XCConfigurationList;
			buildConfigurations = (
				182B79EA1B6C6E6C009336FD /* Debug */,
				182B79EB1B6C6E6C009336FD /* Release */,
			);
			defaultConfigurationIsVisible = 0;
		};
/* End XCConfigurationList section */
	};
	rootObject = 182B79BB1B6C6E6B009336FD /* Project object */;
}
