// !$*UTF8*$!
{
	archiveVersion = 1;
	classes = {
	};
	objectVersion = 46;
	objects = {

/* Begin PBXBuildFile section */
		1896990B1B5D2AC1000BF865 /* AppDelegate.swift in Sources */ = {isa = PBXBuildFile; fileRef = 1896990A1B5D2AC1000BF865 /* AppDelegate.swift */; };
		1896990D1B5D2AC1000BF865 /* ViewController.swift in Sources */ = {isa = PBXBuildFile; fileRef = 1896990C1B5D2AC1000BF865 /* ViewController.swift */; };
		189699101B5D2AC1000BF865 /* Main.storyboard in Resources */ = {isa = PBXBuildFile; fileRef = 1896990E1B5D2AC1000BF865 /* Main.storyboard */; };
		189699121B5D2AC1000BF865 /* Images.xcassets in Resources */ = {isa = PBXBuildFile; fileRef = 189699111B5D2AC1000BF865 /* Images.xcassets */; };
		189699151B5D2AC1000BF865 /* LaunchScreen.xib in Resources */ = {isa = PBXBuildFile; fileRef = 189699131B5D2AC1000BF865 /* LaunchScreen.xib */; };
		189699211B5D2AC1000BF865 /* CardAnimationTests.swift in Sources */ = {isa = PBXBuildFile; fileRef = 189699201B5D2AC1000BF865 /* CardAnimationTests.swift */; };
		1896992B1B5D2ADD000BF865 /* CardView.swift in Sources */ = {isa = PBXBuildFile; fileRef = 1896992A1B5D2ADD000BF865 /* CardView.swift */; };
/* End PBXBuildFile section */

/* Begin PBXContainerItemProxy section */
		1896991B1B5D2AC1000BF865 /* PBXContainerItemProxy */ = {
			isa = PBXContainerItemProxy;
			containerPortal = 189698FD1B5D2AC1000BF865 /* Project object */;
			proxyType = 1;
			remoteGlobalIDString = 189699041B5D2AC1000BF865;
			remoteInfo = CardAnimation;
		};
/* End PBXContainerItemProxy section */

/* Begin PBXFileReference section */
		189699051B5D2AC1000BF865 /* CardAnimation.app */ = {isa = PBXFileReference; explicitFileType = wrapper.application; includeInIndex = 0; path = CardAnimation.app; sourceTree = BUILT_PRODUCTS_DIR; };
		189699091B5D2AC1000BF865 /* Info.plist */ = {isa = PBXFileReference; lastKnownFileType = text.plist.xml; path = Info.plist; sourceTree = "<group>"; };
		1896990A1B5D2AC1000BF865 /* AppDelegate.swift */ = {isa = PBXFileReference; lastKnownFileType = sourcecode.swift; path = AppDelegate.swift; sourceTree = "<group>"; };
		1896990C1B5D2AC1000BF865 /* ViewController.swift */ = {isa = PBXFileReference; lastKnownFileType = sourcecode.swift; path = ViewController.swift; sourceTree = "<group>"; };
		1896990F1B5D2AC1000BF865 /* Base */ = {isa = PBXFileReference; lastKnownFileType = file.storyboard; name = Base; path = Base.lproj/Main.storyboard; sourceTree = "<group>"; };
		189699111B5D2AC1000BF865 /* Images.xcassets */ = {isa = PBXFileReference; lastKnownFileType = folder.assetcatalog; path = Images.xcassets; sourceTree = "<group>"; };
		189699141B5D2AC1000BF865 /* Base */ = {isa = PBXFileReference; lastKnownFileType = file.xib; name = Base; path = Base.lproj/LaunchScreen.xib; sourceTree = "<group>"; };
		1896991A1B5D2AC1000BF865 /* CardAnimationTests.xctest */ = {isa = PBXFileReference; explicitFileType = wrapper.cfbundle; includeInIndex = 0; path = CardAnimationTests.xctest; sourceTree = BUILT_PRODUCTS_DIR; };
		1896991F1B5D2AC1000BF865 /* Info.plist */ = {isa = PBXFileReference; lastKnownFileType = text.plist.xml; path = Info.plist; sourceTree = "<group>"; };
		189699201B5D2AC1000BF865 /* CardAnimationTests.swift */ = {isa = PBXFileReference; lastKnownFileType = sourcecode.swift; path = CardAnimationTests.swift; sourceTree = "<group>"; };
		1896992A1B5D2ADD000BF865 /* CardView.swift */ = {isa = PBXFileReference; fileEncoding = 4; lastKnownFileType = sourcecode.swift; path = CardView.swift; sourceTree = "<group>"; };
/* End PBXFileReference section */

/* Begin PBXFrameworksBuildPhase section */
		189699021B5D2AC1000BF865 /* Frameworks */ = {
			isa = PBXFrameworksBuildPhase;
			buildActionMask = 2147483647;
			files = (
			);
			runOnlyForDeploymentPostprocessing = 0;
		};
		189699171B5D2AC1000BF865 /* Frameworks */ = {
			isa = PBXFrameworksBuildPhase;
			buildActionMask = 2147483647;
			files = (
			);
			runOnlyForDeploymentPostprocessing = 0;
		};
/* End PBXFrameworksBuildPhase section */

/* Begin PBXGroup section */
		189698FC1B5D2AC1000BF865 = {
			isa = PBXGroup;
			children = (
				189699071B5D2AC1000BF865 /* CardAnimation */,
				1896991D1B5D2AC1000BF865 /* CardAnimationTests */,
				189699061B5D2AC1000BF865 /* Products */,
			);
			sourceTree = "<group>";
		};
		189699061B5D2AC1000BF865 /* Products */ = {
			isa = PBXGroup;
			children = (
				189699051B5D2AC1000BF865 /* CardAnimation.app */,
				1896991A1B5D2AC1000BF865 /* CardAnimationTests.xctest */,
			);
			name = Products;
			sourceTree = "<group>";
		};
		189699071B5D2AC1000BF865 /* CardAnimation */ = {
			isa = PBXGroup;
			children = (
				1896990A1B5D2AC1000BF865 /* AppDelegate.swift */,
				1896990C1B5D2AC1000BF865 /* ViewController.swift */,
				1896992A1B5D2ADD000BF865 /* CardView.swift */,
				1896990E1B5D2AC1000BF865 /* Main.storyboard */,
				189699111B5D2AC1000BF865 /* Images.xcassets */,
				189699131B5D2AC1000BF865 /* LaunchScreen.xib */,
				189699081B5D2AC1000BF865 /* Supporting Files */,
			);
			path = CardAnimation;
			sourceTree = "<group>";
		};
		189699081B5D2AC1000BF865 /* Supporting Files */ = {
			isa = PBXGroup;
			children = (
				189699091B5D2AC1000BF865 /* Info.plist */,
			);
			name = "Supporting Files";
			sourceTree = "<group>";
		};
		1896991D1B5D2AC1000BF865 /* CardAnimationTests */ = {
			isa = PBXGroup;
			children = (
				189699201B5D2AC1000BF865 /* CardAnimationTests.swift */,
				1896991E1B5D2AC1000BF865 /* Supporting Files */,
			);
			path = CardAnimationTests;
			sourceTree = "<group>";
		};
		1896991E1B5D2AC1000BF865 /* Supporting Files */ = {
			isa = PBXGroup;
			children = (
				1896991F1B5D2AC1000BF865 /* Info.plist */,
			);
			name = "Supporting Files";
			sourceTree = "<group>";
		};
/* End PBXGroup section */

/* Begin PBXNativeTarget section */
		189699041B5D2AC1000BF865 /* CardAnimation */ = {
			isa = PBXNativeTarget;
			buildConfigurationList = 189699241B5D2AC1000BF865 /* Build configuration list for PBXNativeTarget "CardAnimation" */;
			buildPhases = (
				189699011B5D2AC1000BF865 /* Sources */,
				189699021B5D2AC1000BF865 /* Frameworks */,
				189699031B5D2AC1000BF865 /* Resources */,
			);
			buildRules = (
			);
			dependencies = (
			);
			name = CardAnimation;
			productName = CardAnimation;
			productReference = 189699051B5D2AC1000BF865 /* CardAnimation.app */;
			productType = "com.apple.product-type.application";
		};
		189699191B5D2AC1000BF865 /* CardAnimationTests */ = {
			isa = PBXNativeTarget;
			buildConfigurationList = 189699271B5D2AC1000BF865 /* Build configuration list for PBXNativeTarget "CardAnimationTests" */;
			buildPhases = (
				189699161B5D2AC1000BF865 /* Sources */,
				189699171B5D2AC1000BF865 /* Frameworks */,
				189699181B5D2AC1000BF865 /* Resources */,
			);
			buildRules = (
			);
			dependencies = (
				1896991C1B5D2AC1000BF865 /* PBXTargetDependency */,
			);
			name = CardAnimationTests;
			productName = CardAnimationTests;
			productReference = 1896991A1B5D2AC1000BF865 /* CardAnimationTests.xctest */;
			productType = "com.apple.product-type.bundle.unit-test";
		};
/* End PBXNativeTarget section */

/* Begin PBXProject section */
		189698FD1B5D2AC1000BF865 /* Project object */ = {
			isa = PBXProject;
			attributes = {
				LastUpgradeCheck = 0630;
				ORGANIZATIONNAME = 949478479;
				TargetAttributes = {
					189699041B5D2AC1000BF865 = {
						CreatedOnToolsVersion = 6.3.1;
					};
					189699191B5D2AC1000BF865 = {
						CreatedOnToolsVersion = 6.3.1;
						TestTargetID = 189699041B5D2AC1000BF865;
					};
				};
			};
			buildConfigurationList = 189699001B5D2AC1000BF865 /* Build configuration list for PBXProject "CardAnimation" */;
			compatibilityVersion = "Xcode 3.2";
			developmentRegion = English;
			hasScannedForEncodings = 0;
			knownRegions = (
				en,
				Base,
			);
			mainGroup = 189698FC1B5D2AC1000BF865;
			productRefGroup = 189699061B5D2AC1000BF865 /* Products */;
			projectDirPath = "";
			projectRoot = "";
			targets = (
				189699041B5D2AC1000BF865 /* CardAnimation */,
				189699191B5D2AC1000BF865 /* CardAnimationTests */,
			);
		};
/* End PBXProject section */

/* Begin PBXResourcesBuildPhase section */
		189699031B5D2AC1000BF865 /* Resources */ = {
			isa = PBXResourcesBuildPhase;
			buildActionMask = 2147483647;
			files = (
				189699101B5D2AC1000BF865 /* Main.storyboard in Resources */,
				189699151B5D2AC1000BF865 /* LaunchScreen.xib in Resources */,
				189699121B5D2AC1000BF865 /* Images.xcassets in Resources */,
			);
			runOnlyForDeploymentPostprocessing = 0;
		};
		189699181B5D2AC1000BF865 /* Resources */ = {
			isa = PBXResourcesBuildPhase;
			buildActionMask = 2147483647;
			files = (
			);
			runOnlyForDeploymentPostprocessing = 0;
		};
/* End PBXResourcesBuildPhase section */

/* Begin PBXSourcesBuildPhase section */
		189699011B5D2AC1000BF865 /* Sources */ = {
			isa = PBXSourcesBuildPhase;
			buildActionMask = 2147483647;
			files = (
				1896990D1B5D2AC1000BF865 /* ViewController.swift in Sources */,
				1896992B1B5D2ADD000BF865 /* CardView.swift in Sources */,
				1896990B1B5D2AC1000BF865 /* AppDelegate.swift in Sources */,
			);
			runOnlyForDeploymentPostprocessing = 0;
		};
		189699161B5D2AC1000BF865 /* Sources */ = {
			isa = PBXSourcesBuildPhase;
			buildActionMask = 2147483647;
			files = (
				189699211B5D2AC1000BF865 /* CardAnimationTests.swift in Sources */,
			);
			runOnlyForDeploymentPostprocessing = 0;
		};
/* End PBXSourcesBuildPhase section */

/* Begin PBXTargetDependency section */
		1896991C1B5D2AC1000BF865 /* PBXTargetDependency */ = {
			isa = PBXTargetDependency;
			target = 189699041B5D2AC1000BF865 /* CardAnimation */;
			targetProxy = 1896991B1B5D2AC1000BF865 /* PBXContainerItemProxy */;
		};
/* End PBXTargetDependency section */

/* Begin PBXVariantGroup section */
		1896990E1B5D2AC1000BF865 /* Main.storyboard */ = {
			isa = PBXVariantGroup;
			children = (
				1896990F1B5D2AC1000BF865 /* Base */,
			);
			name = Main.storyboard;
			sourceTree = "<group>";
		};
		189699131B5D2AC1000BF865 /* LaunchScreen.xib */ = {
			isa = PBXVariantGroup;
			children = (
				189699141B5D2AC1000BF865 /* Base */,
			);
			name = LaunchScreen.xib;
			sourceTree = "<group>";
		};
/* End PBXVariantGroup section */

/* Begin XCBuildConfiguration section */
		189699221B5D2AC1000BF865 /* Debug */ = {
			isa = XCBuildConfiguration;
			buildSettings = {
				ALWAYS_SEARCH_USER_PATHS = NO;
				CLANG_CXX_LANGUAGE_STANDARD = "gnu++0x";
				CLANG_CXX_LIBRARY = "libc++";
				CLANG_ENABLE_MODULES = YES;
				CLANG_ENABLE_OBJC_ARC = YES;
				CLANG_WARN_BOOL_CONVERSION = YES;
				CLANG_WARN_CONSTANT_CONVERSION = YES;
				CLANG_WARN_DIRECT_OBJC_ISA_USAGE = YES_ERROR;
				CLANG_WARN_EMPTY_BODY = YES;
				CLANG_WARN_ENUM_CONVERSION = YES;
				CLANG_WARN_INT_CONVERSION = YES;
				CLANG_WARN_OBJC_ROOT_CLASS = YES_ERROR;
				CLANG_WARN_UNREACHABLE_CODE = YES;
				CLANG_WARN__DUPLICATE_METHOD_MATCH = YES;
				"CODE_SIGN_IDENTITY[sdk=iphoneos*]" = "iPhone Developer";
				COPY_PHASE_STRIP = NO;
				DEBUG_INFORMATION_FORMAT = "dwarf-with-dsym";
				ENABLE_STRICT_OBJC_MSGSEND = YES;
				GCC_C_LANGUAGE_STANDARD = gnu99;
				GCC_DYNAMIC_NO_PIC = NO;
				GCC_NO_COMMON_BLOCKS = YES;
				GCC_OPTIMIZATION_LEVEL = 0;
				GCC_PREPROCESSOR_DEFINITIONS = (
					"DEBUG=1",
					"$(inherited)",
				);
				GCC_SYMBOLS_PRIVATE_EXTERN = NO;
				GCC_WARN_64_TO_32_BIT_CONVERSION = YES;
				GCC_WARN_ABOUT_RETURN_TYPE = YES_ERROR;
				GCC_WARN_UNDECLARED_SELECTOR = YES;
				GCC_WARN_UNINITIALIZED_AUTOS = YES_AGGRESSIVE;
				GCC_WARN_UNUSED_FUNCTION = YES;
				GCC_WARN_UNUSED_VARIABLE = YES;
				IPHONEOS_DEPLOYMENT_TARGET = 8.3;
				MTL_ENABLE_DEBUG_INFO = YES;
				ONLY_ACTIVE_ARCH = YES;
				SDKROOT = iphoneos;
				SWIFT_OPTIMIZATION_LEVEL = "-Onone";
			};
			name = Debug;
		};
		189699231B5D2AC1000BF865 /* Release */ = {
			isa = XCBuildConfiguration;
			buildSettings = {
				ALWAYS_SEARCH_USER_PATHS = NO;
				CLANG_CXX_LANGUAGE_STANDARD = "gnu++0x";
				CLANG_CXX_LIBRARY = "libc++";
				CLANG_ENABLE_MODULES = YES;
				CLANG_ENABLE_OBJC_ARC = YES;
				CLANG_WARN_BOOL_CONVERSION = YES;
				CLANG_WARN_CONSTANT_CONVERSION = YES;
				CLANG_WARN_DIRECT_OBJC_ISA_USAGE = YES_ERROR;
				CLANG_WARN_EMPTY_BODY = YES;
				CLANG_WARN_ENUM_CONVERSION = YES;
				CLANG_WARN_INT_CONVERSION = YES;
				CLANG_WARN_OBJC_ROOT_CLASS = YES_ERROR;
				CLANG_WARN_UNREACHABLE_CODE = YES;
				CLANG_WARN__DUPLICATE_METHOD_MATCH = YES;
				"CODE_SIGN_IDENTITY[sdk=iphoneos*]" = "iPhone Developer";
				COPY_PHASE_STRIP = NO;
				DEBUG_INFORMATION_FORMAT = "dwarf-with-dsym";
				ENABLE_NS_ASSERTIONS = NO;
				ENABLE_STRICT_OBJC_MSGSEND = YES;
				GCC_C_LANGUAGE_STANDARD = gnu99;
				GCC_NO_COMMON_BLOCKS = YES;
				GCC_WARN_64_TO_32_BIT_CONVERSION = YES;
				GCC_WARN_ABOUT_RETURN_TYPE = YES_ERROR;
				GCC_WARN_UNDECLARED_SELECTOR = YES;
				GCC_WARN_UNINITIALIZED_AUTOS = YES_AGGRESSIVE;
				GCC_WARN_UNUSED_FUNCTION = YES;
				GCC_WARN_UNUSED_VARIABLE = YES;
				IPHONEOS_DEPLOYMENT_TARGET = 8.3;
				MTL_ENABLE_DEBUG_INFO = NO;
				SDKROOT = iphoneos;
				VALIDATE_PRODUCT = YES;
			};
			name = Release;
		};
		189699251B5D2AC1000BF865 /* Debug */ = {
			isa = XCBuildConfiguration;
			buildSettings = {
				ASSETCATALOG_COMPILER_APPICON_NAME = AppIcon;
				INFOPLIST_FILE = CardAnimation/Info.plist;
				LD_RUNPATH_SEARCH_PATHS = "$(inherited) @executable_path/Frameworks";
				PRODUCT_NAME = "$(TARGET_NAME)";
			};
			name = Debug;
		};
		189699261B5D2AC1000BF865 /* Release */ = {
			isa = XCBuildConfiguration;
			buildSettings = {
				ASSETCATALOG_COMPILER_APPICON_NAME = AppIcon;
				INFOPLIST_FILE = CardAnimation/Info.plist;
				LD_RUNPATH_SEARCH_PATHS = "$(inherited) @executable_path/Frameworks";
				PRODUCT_NAME = "$(TARGET_NAME)";
			};
			name = Release;
		};
		189699281B5D2AC1000BF865 /* Debug */ = {
			isa = XCBuildConfiguration;
			buildSettings = {
				BUNDLE_LOADER = "$(TEST_HOST)";
				FRAMEWORK_SEARCH_PATHS = (
					"$(SDKROOT)/Developer/Library/Frameworks",
					"$(inherited)",
				);
				GCC_PREPROCESSOR_DEFINITIONS = (
					"DEBUG=1",
					"$(inherited)",
				);
				INFOPLIST_FILE = CardAnimationTests/Info.plist;
				LD_RUNPATH_SEARCH_PATHS = "$(inherited) @executable_path/Frameworks @loader_path/Frameworks";
				PRODUCT_NAME = "$(TARGET_NAME)";
				TEST_HOST = "$(BUILT_PRODUCTS_DIR)/CardAnimation.app/CardAnimation";
			};
			name = Debug;
		};
		189699291B5D2AC1000BF865 /* Release */ = {
			isa = XCBuildConfiguration;
			buildSettings = {
				BUNDLE_LOADER = "$(TEST_HOST)";
				FRAMEWORK_SEARCH_PATHS = (
					"$(SDKROOT)/Developer/Library/Frameworks",
					"$(inherited)",
				);
				INFOPLIST_FILE = CardAnimationTests/Info.plist;
				LD_RUNPATH_SEARCH_PATHS = "$(inherited) @executable_path/Frameworks @loader_path/Frameworks";
				PRODUCT_NAME = "$(TARGET_NAME)";
				TEST_HOST = "$(BUILT_PRODUCTS_DIR)/CardAnimation.app/CardAnimation";
			};
			name = Release;
		};
/* End XCBuildConfiguration section */

/* Begin XCConfigurationList section */
		189699001B5D2AC1000BF865 /* Build configuration list for PBXProject "CardAnimation" */ = {
			isa = XCConfigurationList;
			buildConfigurations = (
				189699221B5D2AC1000BF865 /* Debug */,
				189699231B5D2AC1000BF865 /* Release */,
			);
			defaultConfigurationIsVisible = 0;
			defaultConfigurationName = Release;
		};
		189699241B5D2AC1000BF865 /* Build configuration list for PBXNativeTarget "CardAnimation" */ = {
			isa = XCConfigurationList;
			buildConfigurations = (
				189699251B5D2AC1000BF865 /* Debug */,
				189699261B5D2AC1000BF865 /* Release */,
			);
			defaultConfigurationIsVisible = 0;
		};
		189699271B5D2AC1000BF865 /* Build configuration list for PBXNativeTarget "CardAnimationTests" */ = {
			isa = XCConfigurationList;
			buildConfigurations = (
				189699281B5D2AC1000BF865 /* Debug */,
				189699291B5D2AC1000BF865 /* Release */,
			);
			defaultConfigurationIsVisible = 0;
		};
/* End XCConfigurationList section */
	};
	rootObject = 189698FD1B5D2AC1000BF865 /* Project object */;
}
